// !$*UTF8*$!
{
	archiveVersion = 1;
	classes = {
	};
	objectVersion = 46;
	objects = {

/* Begin PBXBuildFile section */
		925630B85CC1D207D0917664 /* Pods_HabitmonTests.framework in Frameworks */ = {isa = PBXBuildFile; fileRef = 2991C4E593CEE8591A167087 /* Pods_HabitmonTests.framework */; };
		B302C6AD1D5CE6B800A784F3 /* HabitTableViewController.swift in Sources */ = {isa = PBXBuildFile; fileRef = B302C6AC1D5CE6B800A784F3 /* HabitTableViewController.swift */; };
		B302C6B11D5D228A00A784F3 /* HabitViewController.swift in Sources */ = {isa = PBXBuildFile; fileRef = B302C6B01D5D228A00A784F3 /* HabitViewController.swift */; };
		B31290E11D65084D003DFB55 /* CheatDays.swift in Sources */ = {isa = PBXBuildFile; fileRef = B31290E01D65084D003DFB55 /* CheatDays.swift */; };
		B31290E21D65084D003DFB55 /* CheatDays.swift in Sources */ = {isa = PBXBuildFile; fileRef = B31290E01D65084D003DFB55 /* CheatDays.swift */; };
		B31290F21D67B731003DFB55 /* Collection.swift in Sources */ = {isa = PBXBuildFile; fileRef = B31290F11D67B731003DFB55 /* Collection.swift */; };
		B31290F31D67B731003DFB55 /* Collection.swift in Sources */ = {isa = PBXBuildFile; fileRef = B31290F11D67B731003DFB55 /* Collection.swift */; };
		B32612FD1D62356E0003C86D /* CategoryTableViewController.swift in Sources */ = {isa = PBXBuildFile; fileRef = B32612FC1D62356E0003C86D /* CategoryTableViewController.swift */; };
		B32613041D6235E20003C86D /* CategoryTableViewCell.swift in Sources */ = {isa = PBXBuildFile; fileRef = B32613031D6235E20003C86D /* CategoryTableViewCell.swift */; };
		B32B99071D6CCA1E0057F2D2 /* CollectionViewController.swift in Sources */ = {isa = PBXBuildFile; fileRef = B32B99061D6CCA1D0057F2D2 /* CollectionViewController.swift */; };
		B34D90051D5BC53500D1E387 /* HabitTableViewCell.swift in Sources */ = {isa = PBXBuildFile; fileRef = B34D90041D5BC53500D1E387 /* HabitTableViewCell.swift */; };
		B35ACC881D58F442007D3FD7 /* AppDelegate.swift in Sources */ = {isa = PBXBuildFile; fileRef = B35ACC871D58F442007D3FD7 /* AppDelegate.swift */; };
		B35ACC8F1D58F442007D3FD7 /* Main.storyboard in Resources */ = {isa = PBXBuildFile; fileRef = B35ACC8D1D58F442007D3FD7 /* Main.storyboard */; };
		B35ACC911D58F442007D3FD7 /* Assets.xcassets in Resources */ = {isa = PBXBuildFile; fileRef = B35ACC901D58F442007D3FD7 /* Assets.xcassets */; };
		B35ACC941D58F442007D3FD7 /* LaunchScreen.storyboard in Resources */ = {isa = PBXBuildFile; fileRef = B35ACC921D58F442007D3FD7 /* LaunchScreen.storyboard */; };
		B35ACC9F1D58F443007D3FD7 /* HabitmonTests.swift in Sources */ = {isa = PBXBuildFile; fileRef = B35ACC9E1D58F443007D3FD7 /* HabitmonTests.swift */; };
		B38094721D594B450079C8D1 /* Habit.swift in Sources */ = {isa = PBXBuildFile; fileRef = B38094711D594B450079C8D1 /* Habit.swift */; };
		B38094731D594DCA0079C8D1 /* Realm.framework in Frameworks */ = {isa = PBXBuildFile; fileRef = B354AEB81D5945F10084AE80 /* Realm.framework */; };
		B38094741D594DCA0079C8D1 /* RealmSwift.framework in Frameworks */ = {isa = PBXBuildFile; fileRef = B354AEBA1D5945F10084AE80 /* RealmSwift.framework */; };
		B39F7B751D6B7A85004BBD9C /* CollectionCollectionViewController.swift in Sources */ = {isa = PBXBuildFile; fileRef = B39F7B741D6B7A85004BBD9C /* CollectionCollectionViewController.swift */; };
		B39F7B801D6B947F004BBD9C /* CollectionCollectionViewCell.swift in Sources */ = {isa = PBXBuildFile; fileRef = B39F7B7F1D6B947F004BBD9C /* CollectionCollectionViewCell.swift */; };
		B3AD3F911D593C8A0096CDDE /* Pods_Habitmon.framework in Frameworks */ = {isa = PBXBuildFile; fileRef = B3AD3F8C1D593C650096CDDE /* Pods_Habitmon.framework */; };
		D9C7DF19C047D997E7DE2C1A /* Pods_Habitmon.framework in Frameworks */ = {isa = PBXBuildFile; fileRef = 1309D276C8F9DE7DCB498A87 /* Pods_Habitmon.framework */; };
/* End PBXBuildFile section */

/* Begin PBXContainerItemProxy section */
		B354AEB71D5945F10084AE80 /* PBXContainerItemProxy */ = {
			isa = PBXContainerItemProxy;
			containerPortal = B3AD3F851D593C650096CDDE /* Pods.xcodeproj */;
			proxyType = 2;
			remoteGlobalIDString = FA96C924733EB2D8C5CAFDB00BC69101;
			remoteInfo = Realm;
		};
		B354AEB91D5945F10084AE80 /* PBXContainerItemProxy */ = {
			isa = PBXContainerItemProxy;
			containerPortal = B3AD3F851D593C650096CDDE /* Pods.xcodeproj */;
			proxyType = 2;
			remoteGlobalIDString = 0E5E90C69567BC59CC33903F9FD957A8;
			remoteInfo = RealmSwift;
		};
		B35ACC9B1D58F443007D3FD7 /* PBXContainerItemProxy */ = {
			isa = PBXContainerItemProxy;
			containerPortal = B35ACC7C1D58F442007D3FD7 /* Project object */;
			proxyType = 1;
			remoteGlobalIDString = B35ACC831D58F442007D3FD7;
			remoteInfo = Habitmon;
		};
		B3AD3F8B1D593C650096CDDE /* PBXContainerItemProxy */ = {
			isa = PBXContainerItemProxy;
			containerPortal = B3AD3F851D593C650096CDDE /* Pods.xcodeproj */;
			proxyType = 2;
			remoteGlobalIDString = A3ECC80ACA514A97905453DC3D86FB17;
			remoteInfo = "Pods-Habitmon";
		};
		B3AD3F8D1D593C650096CDDE /* PBXContainerItemProxy */ = {
			isa = PBXContainerItemProxy;
			containerPortal = B3AD3F851D593C650096CDDE /* Pods.xcodeproj */;
			proxyType = 2;
			remoteGlobalIDString = 68CB9A2B6614CCC90ADBBD65DE45A062;
			remoteInfo = "Pods-HabitmonTests";
		};
		B3AD3F8F1D593C650096CDDE /* PBXContainerItemProxy */ = {
			isa = PBXContainerItemProxy;
			containerPortal = B3AD3F851D593C650096CDDE /* Pods.xcodeproj */;
			proxyType = 2;
			remoteGlobalIDString = 5FB4293AFF9D382266F761E2294179FA;
			remoteInfo = SQLite.swift;
		};
/* End PBXContainerItemProxy section */

/* Begin PBXFileReference section */
		1309D276C8F9DE7DCB498A87 /* Pods_Habitmon.framework */ = {isa = PBXFileReference; explicitFileType = wrapper.framework; includeInIndex = 0; path = Pods_Habitmon.framework; sourceTree = BUILT_PRODUCTS_DIR; };
		2991C4E593CEE8591A167087 /* Pods_HabitmonTests.framework */ = {isa = PBXFileReference; explicitFileType = wrapper.framework; includeInIndex = 0; path = Pods_HabitmonTests.framework; sourceTree = BUILT_PRODUCTS_DIR; };
		4B3D9508C1DA12517F728523 /* Pods-Habitmon.release.xcconfig */ = {isa = PBXFileReference; includeInIndex = 1; lastKnownFileType = text.xcconfig; name = "Pods-Habitmon.release.xcconfig"; path = "Pods/Target Support Files/Pods-Habitmon/Pods-Habitmon.release.xcconfig"; sourceTree = "<group>"; };
		65E1F7D8D0D8B039FC161A18 /* Pods-HabitmonTests.release.xcconfig */ = {isa = PBXFileReference; includeInIndex = 1; lastKnownFileType = text.xcconfig; name = "Pods-HabitmonTests.release.xcconfig"; path = "Pods/Target Support Files/Pods-HabitmonTests/Pods-HabitmonTests.release.xcconfig"; sourceTree = "<group>"; };
		8549566D7D1ECC732400D444 /* Pods-HabitmonTests.debug.xcconfig */ = {isa = PBXFileReference; includeInIndex = 1; lastKnownFileType = text.xcconfig; name = "Pods-HabitmonTests.debug.xcconfig"; path = "Pods/Target Support Files/Pods-HabitmonTests/Pods-HabitmonTests.debug.xcconfig"; sourceTree = "<group>"; };
		8C54AE368CC320EF62DEECE0 /* Pods-Habitmon.debug.xcconfig */ = {isa = PBXFileReference; includeInIndex = 1; lastKnownFileType = text.xcconfig; name = "Pods-Habitmon.debug.xcconfig"; path = "Pods/Target Support Files/Pods-Habitmon/Pods-Habitmon.debug.xcconfig"; sourceTree = "<group>"; };
		B302C6AC1D5CE6B800A784F3 /* HabitTableViewController.swift */ = {isa = PBXFileReference; fileEncoding = 4; lastKnownFileType = sourcecode.swift; path = HabitTableViewController.swift; sourceTree = "<group>"; };
		B302C6B01D5D228A00A784F3 /* HabitViewController.swift */ = {isa = PBXFileReference; fileEncoding = 4; lastKnownFileType = sourcecode.swift; path = HabitViewController.swift; sourceTree = "<group>"; };
		B31290E01D65084D003DFB55 /* CheatDays.swift */ = {isa = PBXFileReference; fileEncoding = 4; lastKnownFileType = sourcecode.swift; path = CheatDays.swift; sourceTree = "<group>"; };
		B31290F11D67B731003DFB55 /* Collection.swift */ = {isa = PBXFileReference; fileEncoding = 4; lastKnownFileType = sourcecode.swift; path = Collection.swift; sourceTree = "<group>"; };
		B32612FC1D62356E0003C86D /* CategoryTableViewController.swift */ = {isa = PBXFileReference; fileEncoding = 4; lastKnownFileType = sourcecode.swift; path = CategoryTableViewController.swift; sourceTree = "<group>"; };
		B32613031D6235E20003C86D /* CategoryTableViewCell.swift */ = {isa = PBXFileReference; fileEncoding = 4; lastKnownFileType = sourcecode.swift; path = CategoryTableViewCell.swift; sourceTree = "<group>"; };
		B32B99061D6CCA1D0057F2D2 /* CollectionViewController.swift */ = {isa = PBXFileReference; fileEncoding = 4; lastKnownFileType = sourcecode.swift; path = CollectionViewController.swift; sourceTree = "<group>"; };
		B34D90041D5BC53500D1E387 /* HabitTableViewCell.swift */ = {isa = PBXFileReference; fileEncoding = 4; lastKnownFileType = sourcecode.swift; path = HabitTableViewCell.swift; sourceTree = "<group>"; };
		B35ACC841D58F442007D3FD7 /* Habitmon.app */ = {isa = PBXFileReference; explicitFileType = wrapper.application; includeInIndex = 0; path = Habitmon.app; sourceTree = BUILT_PRODUCTS_DIR; };
		B35ACC871D58F442007D3FD7 /* AppDelegate.swift */ = {isa = PBXFileReference; lastKnownFileType = sourcecode.swift; path = AppDelegate.swift; sourceTree = "<group>"; };
		B35ACC8E1D58F442007D3FD7 /* Base */ = {isa = PBXFileReference; lastKnownFileType = file.storyboard; name = Base; path = Base.lproj/Main.storyboard; sourceTree = "<group>"; };
		B35ACC901D58F442007D3FD7 /* Assets.xcassets */ = {isa = PBXFileReference; lastKnownFileType = folder.assetcatalog; path = Assets.xcassets; sourceTree = "<group>"; };
		B35ACC931D58F442007D3FD7 /* Base */ = {isa = PBXFileReference; lastKnownFileType = file.storyboard; name = Base; path = Base.lproj/LaunchScreen.storyboard; sourceTree = "<group>"; };
		B35ACC951D58F442007D3FD7 /* Info.plist */ = {isa = PBXFileReference; lastKnownFileType = text.plist.xml; path = Info.plist; sourceTree = "<group>"; };
		B35ACC9A1D58F443007D3FD7 /* HabitmonTests.xctest */ = {isa = PBXFileReference; explicitFileType = wrapper.cfbundle; includeInIndex = 0; path = HabitmonTests.xctest; sourceTree = BUILT_PRODUCTS_DIR; };
		B35ACC9E1D58F443007D3FD7 /* HabitmonTests.swift */ = {isa = PBXFileReference; lastKnownFileType = sourcecode.swift; path = HabitmonTests.swift; sourceTree = "<group>"; };
		B35ACCA01D58F443007D3FD7 /* Info.plist */ = {isa = PBXFileReference; lastKnownFileType = text.plist.xml; path = Info.plist; sourceTree = "<group>"; };
		B38094711D594B450079C8D1 /* Habit.swift */ = {isa = PBXFileReference; fileEncoding = 4; lastKnownFileType = sourcecode.swift; path = Habit.swift; sourceTree = "<group>"; };
		B39F7B741D6B7A85004BBD9C /* CollectionCollectionViewController.swift */ = {isa = PBXFileReference; fileEncoding = 4; lastKnownFileType = sourcecode.swift; path = CollectionCollectionViewController.swift; sourceTree = "<group>"; };
		B39F7B7F1D6B947F004BBD9C /* CollectionCollectionViewCell.swift */ = {isa = PBXFileReference; fileEncoding = 4; lastKnownFileType = sourcecode.swift; path = CollectionCollectionViewCell.swift; sourceTree = "<group>"; };
		B3AD3F851D593C650096CDDE /* Pods.xcodeproj */ = {isa = PBXFileReference; lastKnownFileType = "wrapper.pb-project"; name = Pods.xcodeproj; path = Pods/Pods.xcodeproj; sourceTree = "<group>"; };
/* End PBXFileReference section */

/* Begin PBXFrameworksBuildPhase section */
		B35ACC811D58F442007D3FD7 /* Frameworks */ = {
			isa = PBXFrameworksBuildPhase;
			buildActionMask = 2147483647;
			files = (
				B38094731D594DCA0079C8D1 /* Realm.framework in Frameworks */,
				B38094741D594DCA0079C8D1 /* RealmSwift.framework in Frameworks */,
				B3AD3F911D593C8A0096CDDE /* Pods_Habitmon.framework in Frameworks */,
				D9C7DF19C047D997E7DE2C1A /* Pods_Habitmon.framework in Frameworks */,
			);
			runOnlyForDeploymentPostprocessing = 0;
		};
		B35ACC971D58F443007D3FD7 /* Frameworks */ = {
			isa = PBXFrameworksBuildPhase;
			buildActionMask = 2147483647;
			files = (
				925630B85CC1D207D0917664 /* Pods_HabitmonTests.framework in Frameworks */,
			);
			runOnlyForDeploymentPostprocessing = 0;
		};
/* End PBXFrameworksBuildPhase section */

/* Begin PBXGroup section */
		53C68B651ACD911EC2158FA4 /* Frameworks */ = {
			isa = PBXGroup;
			children = (
				B3AD3F851D593C650096CDDE /* Pods.xcodeproj */,
				1309D276C8F9DE7DCB498A87 /* Pods_Habitmon.framework */,
				2991C4E593CEE8591A167087 /* Pods_HabitmonTests.framework */,
			);
			name = Frameworks;
			sourceTree = "<group>";
		};
		A8BC24982B51C29E7A6F2678 /* Pods */ = {
			isa = PBXGroup;
			children = (
				8C54AE368CC320EF62DEECE0 /* Pods-Habitmon.debug.xcconfig */,
				4B3D9508C1DA12517F728523 /* Pods-Habitmon.release.xcconfig */,
				8549566D7D1ECC732400D444 /* Pods-HabitmonTests.debug.xcconfig */,
				65E1F7D8D0D8B039FC161A18 /* Pods-HabitmonTests.release.xcconfig */,
			);
			name = Pods;
			sourceTree = "<group>";
		};
		B35ACC7B1D58F442007D3FD7 = {
			isa = PBXGroup;
			children = (
				B35ACC861D58F442007D3FD7 /* Habitmon */,
				B35ACC9D1D58F443007D3FD7 /* HabitmonTests */,
				B35ACC851D58F442007D3FD7 /* Products */,
				A8BC24982B51C29E7A6F2678 /* Pods */,
				53C68B651ACD911EC2158FA4 /* Frameworks */,
			);
			sourceTree = "<group>";
		};
		B35ACC851D58F442007D3FD7 /* Products */ = {
			isa = PBXGroup;
			children = (
				B35ACC841D58F442007D3FD7 /* Habitmon.app */,
				B35ACC9A1D58F443007D3FD7 /* HabitmonTests.xctest */,
			);
			name = Products;
			sourceTree = "<group>";
		};
		B35ACC861D58F442007D3FD7 /* Habitmon */ = {
			isa = PBXGroup;
			children = (
				B35ACC871D58F442007D3FD7 /* AppDelegate.swift */,
				B38094711D594B450079C8D1 /* Habit.swift */,
				B31290F11D67B731003DFB55 /* Collection.swift */,
				B39F7B741D6B7A85004BBD9C /* CollectionCollectionViewController.swift */,
				B32B99061D6CCA1D0057F2D2 /* CollectionViewController.swift */,
				B35ACC8D1D58F442007D3FD7 /* Main.storyboard */,
				B31290E01D65084D003DFB55 /* CheatDays.swift */,
				B32613031D6235E20003C86D /* CategoryTableViewCell.swift */,
				B32612FC1D62356E0003C86D /* CategoryTableViewController.swift */,
				B34D90041D5BC53500D1E387 /* HabitTableViewCell.swift */,
				B35ACC901D58F442007D3FD7 /* Assets.xcassets */,
				B35ACC921D58F442007D3FD7 /* LaunchScreen.storyboard */,
				B35ACC951D58F442007D3FD7 /* Info.plist */,
				B302C6AC1D5CE6B800A784F3 /* HabitTableViewController.swift */,
				B302C6B01D5D228A00A784F3 /* HabitViewController.swift */,
				B39F7B7F1D6B947F004BBD9C /* CollectionCollectionViewCell.swift */,
			);
			path = Habitmon;
			sourceTree = "<group>";
		};
		B35ACC9D1D58F443007D3FD7 /* HabitmonTests */ = {
			isa = PBXGroup;
			children = (
				B35ACC9E1D58F443007D3FD7 /* HabitmonTests.swift */,
				B35ACCA01D58F443007D3FD7 /* Info.plist */,
			);
			path = HabitmonTests;
			sourceTree = "<group>";
		};
		B3AD3F861D593C650096CDDE /* Products */ = {
			isa = PBXGroup;
			children = (
				B3AD3F8C1D593C650096CDDE /* Pods_Habitmon.framework */,
				B3AD3F8E1D593C650096CDDE /* Pods_HabitmonTests.framework */,
				B354AEB81D5945F10084AE80 /* Realm.framework */,
				B354AEBA1D5945F10084AE80 /* RealmSwift.framework */,
				B3AD3F901D593C650096CDDE /* SQLite.framework */,
			);
			name = Products;
			sourceTree = "<group>";
		};
/* End PBXGroup section */

/* Begin PBXNativeTarget section */
		B35ACC831D58F442007D3FD7 /* Habitmon */ = {
			isa = PBXNativeTarget;
			buildConfigurationList = B35ACCA31D58F443007D3FD7 /* Build configuration list for PBXNativeTarget "Habitmon" */;
			buildPhases = (
				1AED88402334CAF616592353 /* [CP] Check Pods Manifest.lock */,
				B35ACC801D58F442007D3FD7 /* Sources */,
				B35ACC811D58F442007D3FD7 /* Frameworks */,
				B35ACC821D58F442007D3FD7 /* Resources */,
				54EF186EFAEC54EEEED9BE5C /* [CP] Embed Pods Frameworks */,
				79FCFF8DDD142B8933928EA8 /* [CP] Copy Pods Resources */,
			);
			buildRules = (
			);
			dependencies = (
			);
			name = Habitmon;
			productName = Habitmon;
			productReference = B35ACC841D58F442007D3FD7 /* Habitmon.app */;
			productType = "com.apple.product-type.application";
		};
		B35ACC991D58F443007D3FD7 /* HabitmonTests */ = {
			isa = PBXNativeTarget;
			buildConfigurationList = B35ACCA61D58F443007D3FD7 /* Build configuration list for PBXNativeTarget "HabitmonTests" */;
			buildPhases = (
				AC681E13467B989E1F802F9D /* [CP] Check Pods Manifest.lock */,
				B35ACC961D58F443007D3FD7 /* Sources */,
				B35ACC971D58F443007D3FD7 /* Frameworks */,
				B35ACC981D58F443007D3FD7 /* Resources */,
				EDCF1B9747B6EFA54CC64D2A /* [CP] Embed Pods Frameworks */,
				8FD958D1DDFC7A47BFD41805 /* [CP] Copy Pods Resources */,
			);
			buildRules = (
			);
			dependencies = (
				B35ACC9C1D58F443007D3FD7 /* PBXTargetDependency */,
			);
			name = HabitmonTests;
			productName = HabitmonTests;
			productReference = B35ACC9A1D58F443007D3FD7 /* HabitmonTests.xctest */;
			productType = "com.apple.product-type.bundle.unit-test";
		};
/* End PBXNativeTarget section */

/* Begin PBXProject section */
		B35ACC7C1D58F442007D3FD7 /* Project object */ = {
			isa = PBXProject;
			attributes = {
				LastSwiftUpdateCheck = 0730;
				LastUpgradeCheck = 0730;
				ORGANIZATIONNAME = VAL;
				TargetAttributes = {
					B35ACC831D58F442007D3FD7 = {
						CreatedOnToolsVersion = 7.3.1;
						DevelopmentTeam = EHDUXUHGX5;
					};
					B35ACC991D58F443007D3FD7 = {
						CreatedOnToolsVersion = 7.3.1;
						TestTargetID = B35ACC831D58F442007D3FD7;
					};
				};
			};
			buildConfigurationList = B35ACC7F1D58F442007D3FD7 /* Build configuration list for PBXProject "Habitmon" */;
			compatibilityVersion = "Xcode 3.2";
			developmentRegion = English;
			hasScannedForEncodings = 0;
			knownRegions = (
				en,
				Base,
			);
			mainGroup = B35ACC7B1D58F442007D3FD7;
			productRefGroup = B35ACC851D58F442007D3FD7 /* Products */;
			projectDirPath = "";
			projectReferences = (
				{
					ProductGroup = B3AD3F861D593C650096CDDE /* Products */;
					ProjectRef = B3AD3F851D593C650096CDDE /* Pods.xcodeproj */;
				},
			);
			projectRoot = "";
			targets = (
				B35ACC831D58F442007D3FD7 /* Habitmon */,
				B35ACC991D58F443007D3FD7 /* HabitmonTests */,
			);
		};
/* End PBXProject section */

/* Begin PBXReferenceProxy section */
		B354AEB81D5945F10084AE80 /* Realm.framework */ = {
			isa = PBXReferenceProxy;
			fileType = wrapper.framework;
			path = Realm.framework;
			remoteRef = B354AEB71D5945F10084AE80 /* PBXContainerItemProxy */;
			sourceTree = BUILT_PRODUCTS_DIR;
		};
		B354AEBA1D5945F10084AE80 /* RealmSwift.framework */ = {
			isa = PBXReferenceProxy;
			fileType = wrapper.framework;
			path = RealmSwift.framework;
			remoteRef = B354AEB91D5945F10084AE80 /* PBXContainerItemProxy */;
			sourceTree = BUILT_PRODUCTS_DIR;
		};
		B3AD3F8C1D593C650096CDDE /* Pods_Habitmon.framework */ = {
			isa = PBXReferenceProxy;
			fileType = wrapper.framework;
			path = Pods_Habitmon.framework;
			remoteRef = B3AD3F8B1D593C650096CDDE /* PBXContainerItemProxy */;
			sourceTree = BUILT_PRODUCTS_DIR;
		};
		B3AD3F8E1D593C650096CDDE /* Pods_HabitmonTests.framework */ = {
			isa = PBXReferenceProxy;
			fileType = wrapper.framework;
			path = Pods_HabitmonTests.framework;
			remoteRef = B3AD3F8D1D593C650096CDDE /* PBXContainerItemProxy */;
			sourceTree = BUILT_PRODUCTS_DIR;
		};
		B3AD3F901D593C650096CDDE /* SQLite.framework */ = {
			isa = PBXReferenceProxy;
			fileType = wrapper.framework;
			path = SQLite.framework;
			remoteRef = B3AD3F8F1D593C650096CDDE /* PBXContainerItemProxy */;
			sourceTree = BUILT_PRODUCTS_DIR;
		};
/* End PBXReferenceProxy section */

/* Begin PBXResourcesBuildPhase section */
		B35ACC821D58F442007D3FD7 /* Resources */ = {
			isa = PBXResourcesBuildPhase;
			buildActionMask = 2147483647;
			files = (
				B35ACC941D58F442007D3FD7 /* LaunchScreen.storyboard in Resources */,
				B35ACC911D58F442007D3FD7 /* Assets.xcassets in Resources */,
				B35ACC8F1D58F442007D3FD7 /* Main.storyboard in Resources */,
			);
			runOnlyForDeploymentPostprocessing = 0;
		};
		B35ACC981D58F443007D3FD7 /* Resources */ = {
			isa = PBXResourcesBuildPhase;
			buildActionMask = 2147483647;
			files = (
			);
			runOnlyForDeploymentPostprocessing = 0;
		};
/* End PBXResourcesBuildPhase section */

/* Begin PBXShellScriptBuildPhase section */
		1AED88402334CAF616592353 /* [CP] Check Pods Manifest.lock */ = {
			isa = PBXShellScriptBuildPhase;
			buildActionMask = 2147483647;
			files = (
			);
			inputPaths = (
			);
			name = "[CP] Check Pods Manifest.lock";
			outputPaths = (
			);
			runOnlyForDeploymentPostprocessing = 0;
			shellPath = /bin/sh;
			shellScript = "diff \"${PODS_ROOT}/../Podfile.lock\" \"${PODS_ROOT}/Manifest.lock\" > /dev/null\nif [[ $? != 0 ]] ; then\n    cat << EOM\nerror: The sandbox is not in sync with the Podfile.lock. Run 'pod install' or update your CocoaPods installation.\nEOM\n    exit 1\nfi\n";
			showEnvVarsInLog = 0;
		};
		54EF186EFAEC54EEEED9BE5C /* [CP] Embed Pods Frameworks */ = {
			isa = PBXShellScriptBuildPhase;
			buildActionMask = 2147483647;
			files = (
			);
			inputPaths = (
			);
			name = "[CP] Embed Pods Frameworks";
			outputPaths = (
			);
			runOnlyForDeploymentPostprocessing = 0;
			shellPath = /bin/sh;
			shellScript = "\"${SRCROOT}/Pods/Target Support Files/Pods-Habitmon/Pods-Habitmon-frameworks.sh\"\n";
			showEnvVarsInLog = 0;
		};
		79FCFF8DDD142B8933928EA8 /* [CP] Copy Pods Resources */ = {
			isa = PBXShellScriptBuildPhase;
			buildActionMask = 2147483647;
			files = (
			);
			inputPaths = (
			);
			name = "[CP] Copy Pods Resources";
			outputPaths = (
			);
			runOnlyForDeploymentPostprocessing = 0;
			shellPath = /bin/sh;
			shellScript = "\"${SRCROOT}/Pods/Target Support Files/Pods-Habitmon/Pods-Habitmon-resources.sh\"\n";
			showEnvVarsInLog = 0;
		};
		8FD958D1DDFC7A47BFD41805 /* [CP] Copy Pods Resources */ = {
			isa = PBXShellScriptBuildPhase;
			buildActionMask = 2147483647;
			files = (
			);
			inputPaths = (
			);
			name = "[CP] Copy Pods Resources";
			outputPaths = (
			);
			runOnlyForDeploymentPostprocessing = 0;
			shellPath = /bin/sh;
			shellScript = "\"${SRCROOT}/Pods/Target Support Files/Pods-HabitmonTests/Pods-HabitmonTests-resources.sh\"\n";
			showEnvVarsInLog = 0;
		};
		AC681E13467B989E1F802F9D /* [CP] Check Pods Manifest.lock */ = {
			isa = PBXShellScriptBuildPhase;
			buildActionMask = 2147483647;
			files = (
			);
			inputPaths = (
			);
			name = "[CP] Check Pods Manifest.lock";
			outputPaths = (
			);
			runOnlyForDeploymentPostprocessing = 0;
			shellPath = /bin/sh;
			shellScript = "diff \"${PODS_ROOT}/../Podfile.lock\" \"${PODS_ROOT}/Manifest.lock\" > /dev/null\nif [[ $? != 0 ]] ; then\n    cat << EOM\nerror: The sandbox is not in sync with the Podfile.lock. Run 'pod install' or update your CocoaPods installation.\nEOM\n    exit 1\nfi\n";
			showEnvVarsInLog = 0;
		};
		EDCF1B9747B6EFA54CC64D2A /* [CP] Embed Pods Frameworks */ = {
			isa = PBXShellScriptBuildPhase;
			buildActionMask = 2147483647;
			files = (
			);
			inputPaths = (
			);
			name = "[CP] Embed Pods Frameworks";
			outputPaths = (
			);
			runOnlyForDeploymentPostprocessing = 0;
			shellPath = /bin/sh;
			shellScript = "\"${SRCROOT}/Pods/Target Support Files/Pods-HabitmonTests/Pods-HabitmonTests-frameworks.sh\"\n";
			showEnvVarsInLog = 0;
		};
/* End PBXShellScriptBuildPhase section */

/* Begin PBXSourcesBuildPhase section */
		B35ACC801D58F442007D3FD7 /* Sources */ = {
			isa = PBXSourcesBuildPhase;
			buildActionMask = 2147483647;
			files = (
				B32B99071D6CCA1E0057F2D2 /* CollectionViewController.swift in Sources */,
				B39F7B751D6B7A85004BBD9C /* CollectionCollectionViewController.swift in Sources */,
				B31290F21D67B731003DFB55 /* Collection.swift in Sources */,
				B31290E11D65084D003DFB55 /* CheatDays.swift in Sources */,
				B302C6AD1D5CE6B800A784F3 /* HabitTableViewController.swift in Sources */,
				B38094721D594B450079C8D1 /* Habit.swift in Sources */,
				B39F7B801D6B947F004BBD9C /* CollectionCollectionViewCell.swift in Sources */,
				B302C6B11D5D228A00A784F3 /* HabitViewController.swift in Sources */,
				B34D90051D5BC53500D1E387 /* HabitTableViewCell.swift in Sources */,
				B32613041D6235E20003C86D /* CategoryTableViewCell.swift in Sources */,
				B35ACC881D58F442007D3FD7 /* AppDelegate.swift in Sources */,
				B32612FD1D62356E0003C86D /* CategoryTableViewController.swift in Sources */,
			);
			runOnlyForDeploymentPostprocessing = 0;
		};
		B35ACC961D58F443007D3FD7 /* Sources */ = {
			isa = PBXSourcesBuildPhase;
			buildActionMask = 2147483647;
			files = (
				B31290F31D67B731003DFB55 /* Collection.swift in Sources */,
				B31290E21D65084D003DFB55 /* CheatDays.swift in Sources */,
				B35ACC9F1D58F443007D3FD7 /* HabitmonTests.swift in Sources */,
			);
			runOnlyForDeploymentPostprocessing = 0;
		};
/* End PBXSourcesBuildPhase section */

/* Begin PBXTargetDependency section */
		B35ACC9C1D58F443007D3FD7 /* PBXTargetDependency */ = {
			isa = PBXTargetDependency;
			target = B35ACC831D58F442007D3FD7 /* Habitmon */;
			targetProxy = B35ACC9B1D58F443007D3FD7 /* PBXContainerItemProxy */;
		};
/* End PBXTargetDependency section */

/* Begin PBXVariantGroup section */
		B35ACC8D1D58F442007D3FD7 /* Main.storyboard */ = {
			isa = PBXVariantGroup;
			children = (
				B35ACC8E1D58F442007D3FD7 /* Base */,
			);
			name = Main.storyboard;
			sourceTree = "<group>";
		};
		B35ACC921D58F442007D3FD7 /* LaunchScreen.storyboard */ = {
			isa = PBXVariantGroup;
			children = (
				B35ACC931D58F442007D3FD7 /* Base */,
			);
			name = LaunchScreen.storyboard;
			sourceTree = "<group>";
		};
/* End PBXVariantGroup section */

/* Begin XCBuildConfiguration section */
		B35ACCA11D58F443007D3FD7 /* Debug */ = {
			isa = XCBuildConfiguration;
			buildSettings = {
				ALWAYS_SEARCH_USER_PATHS = NO;
				CLANG_ANALYZER_NONNULL = YES;
				CLANG_CXX_LANGUAGE_STANDARD = "gnu++0x";
				CLANG_CXX_LIBRARY = "libc++";
				CLANG_ENABLE_MODULES = YES;
				CLANG_ENABLE_OBJC_ARC = YES;
				CLANG_WARN_BOOL_CONVERSION = YES;
				CLANG_WARN_CONSTANT_CONVERSION = YES;
				CLANG_WARN_DIRECT_OBJC_ISA_USAGE = YES_ERROR;
				CLANG_WARN_EMPTY_BODY = YES;
				CLANG_WARN_ENUM_CONVERSION = YES;
				CLANG_WARN_INT_CONVERSION = YES;
				CLANG_WARN_OBJC_ROOT_CLASS = YES_ERROR;
				CLANG_WARN_UNREACHABLE_CODE = YES;
				CLANG_WARN__DUPLICATE_METHOD_MATCH = YES;
				"CODE_SIGN_IDENTITY[sdk=iphoneos*]" = "iPhone Developer";
				COPY_PHASE_STRIP = NO;
				DEBUG_INFORMATION_FORMAT = dwarf;
				ENABLE_STRICT_OBJC_MSGSEND = YES;
				ENABLE_TESTABILITY = YES;
				GCC_C_LANGUAGE_STANDARD = gnu99;
				GCC_DYNAMIC_NO_PIC = NO;
				GCC_NO_COMMON_BLOCKS = YES;
				GCC_OPTIMIZATION_LEVEL = 0;
				GCC_PREPROCESSOR_DEFINITIONS = (
					"DEBUG=1",
					"$(inherited)",
				);
				GCC_WARN_64_TO_32_BIT_CONVERSION = YES;
				GCC_WARN_ABOUT_RETURN_TYPE = YES_ERROR;
				GCC_WARN_UNDECLARED_SELECTOR = YES;
				GCC_WARN_UNINITIALIZED_AUTOS = YES_AGGRESSIVE;
				GCC_WARN_UNUSED_FUNCTION = YES;
				GCC_WARN_UNUSED_VARIABLE = YES;
				IPHONEOS_DEPLOYMENT_TARGET = 9.3;
				MTL_ENABLE_DEBUG_INFO = YES;
				ONLY_ACTIVE_ARCH = YES;
				SDKROOT = iphoneos;
				SWIFT_OPTIMIZATION_LEVEL = "-Onone";
				TARGETED_DEVICE_FAMILY = "1,2";
			};
			name = Debug;
		};
		B35ACCA21D58F443007D3FD7 /* Release */ = {
			isa = XCBuildConfiguration;
			buildSettings = {
				ALWAYS_SEARCH_USER_PATHS = NO;
				CLANG_ANALYZER_NONNULL = YES;
				CLANG_CXX_LANGUAGE_STANDARD = "gnu++0x";
				CLANG_CXX_LIBRARY = "libc++";
				CLANG_ENABLE_MODULES = YES;
				CLANG_ENABLE_OBJC_ARC = YES;
				CLANG_WARN_BOOL_CONVERSION = YES;
				CLANG_WARN_CONSTANT_CONVERSION = YES;
				CLANG_WARN_DIRECT_OBJC_ISA_USAGE = YES_ERROR;
				CLANG_WARN_EMPTY_BODY = YES;
				CLANG_WARN_ENUM_CONVERSION = YES;
				CLANG_WARN_INT_CONVERSION = YES;
				CLANG_WARN_OBJC_ROOT_CLASS = YES_ERROR;
				CLANG_WARN_UNREACHABLE_CODE = YES;
				CLANG_WARN__DUPLICATE_METHOD_MATCH = YES;
				"CODE_SIGN_IDENTITY[sdk=iphoneos*]" = "iPhone Developer";
				COPY_PHASE_STRIP = NO;
				DEBUG_INFORMATION_FORMAT = "dwarf-with-dsym";
				ENABLE_NS_ASSERTIONS = NO;
				ENABLE_STRICT_OBJC_MSGSEND = YES;
				GCC_C_LANGUAGE_STANDARD = gnu99;
				GCC_NO_COMMON_BLOCKS = YES;
				GCC_WARN_64_TO_32_BIT_CONVERSION = YES;
				GCC_WARN_ABOUT_RETURN_TYPE = YES_ERROR;
				GCC_WARN_UNDECLARED_SELECTOR = YES;
				GCC_WARN_UNINITIALIZED_AUTOS = YES_AGGRESSIVE;
				GCC_WARN_UNUSED_FUNCTION = YES;
				GCC_WARN_UNUSED_VARIABLE = YES;
				IPHONEOS_DEPLOYMENT_TARGET = 9.3;
				MTL_ENABLE_DEBUG_INFO = NO;
				SDKROOT = iphoneos;
				TARGETED_DEVICE_FAMILY = "1,2";
				VALIDATE_PRODUCT = YES;
			};
			name = Release;
		};
		B35ACCA41D58F443007D3FD7 /* Debug */ = {
			isa = XCBuildConfiguration;
			baseConfigurationReference = 8C54AE368CC320EF62DEECE0 /* Pods-Habitmon.debug.xcconfig */;
			buildSettings = {
				ASSETCATALOG_COMPILER_APPICON_NAME = AppIcon;
				CODE_SIGN_IDENTITY = "iPhone Developer";
				"CODE_SIGN_IDENTITY[sdk=iphoneos*]" = "iPhone Developer";
				INFOPLIST_FILE = Habitmon/Info.plist;
				LD_RUNPATH_SEARCH_PATHS = "$(inherited) @executable_path/Frameworks";
				PRODUCT_BUNDLE_IDENTIFIER = VAL.Habitmon;
				PRODUCT_NAME = "$(TARGET_NAME)";
				PROVISIONING_PROFILE = "";
			};
			name = Debug;
		};
		B35ACCA51D58F443007D3FD7 /* Release */ = {
			isa = XCBuildConfiguration;
			baseConfigurationReference = 4B3D9508C1DA12517F728523 /* Pods-Habitmon.release.xcconfig */;
			buildSettings = {
				ASSETCATALOG_COMPILER_APPICON_NAME = AppIcon;
				CODE_SIGN_IDENTITY = "iPhone Developer";
				"CODE_SIGN_IDENTITY[sdk=iphoneos*]" = "iPhone Developer";
				INFOPLIST_FILE = Habitmon/Info.plist;
				LD_RUNPATH_SEARCH_PATHS = "$(inherited) @executable_path/Frameworks";
				PRODUCT_BUNDLE_IDENTIFIER = VAL.Habitmon;
				PRODUCT_NAME = "$(TARGET_NAME)";
				PROVISIONING_PROFILE = "";
			};
			name = Release;
		};
		B35ACCA71D58F443007D3FD7 /* Debug */ = {
			isa = XCBuildConfiguration;
			baseConfigurationReference = 8549566D7D1ECC732400D444 /* Pods-HabitmonTests.debug.xcconfig */;
			buildSettings = {
				BUNDLE_LOADER = "$(TEST_HOST)";
				INFOPLIST_FILE = HabitmonTests/Info.plist;
				LD_RUNPATH_SEARCH_PATHS = "$(inherited) @executable_path/Frameworks @loader_path/Frameworks";
				PRODUCT_BUNDLE_IDENTIFIER = VAL.HabitmonTests;
				PRODUCT_NAME = "$(TARGET_NAME)";
				TEST_HOST = "$(BUILT_PRODUCTS_DIR)/Habitmon.app/Habitmon";
			};
			name = Debug;
		};
		B35ACCA81D58F443007D3FD7 /* Release */ = {
			isa = XCBuildConfiguration;
			baseConfigurationReference = 65E1F7D8D0D8B039FC161A18 /* Pods-HabitmonTests.release.xcconfig */;
			buildSettings = {
				BUNDLE_LOADER = "$(TEST_HOST)";
				INFOPLIST_FILE = HabitmonTests/Info.plist;
				LD_RUNPATH_SEARCH_PATHS = "$(inherited) @executable_path/Frameworks @loader_path/Frameworks";
				PRODUCT_BUNDLE_IDENTIFIER = VAL.HabitmonTests;
				PRODUCT_NAME = "$(TARGET_NAME)";
				TEST_HOST = "$(BUILT_PRODUCTS_DIR)/Habitmon.app/Habitmon";
			};
			name = Release;
		};
/* End XCBuildConfiguration section */

/* Begin XCConfigurationList section */
		B35ACC7F1D58F442007D3FD7 /* Build configuration list for PBXProject "Habitmon" */ = {
			isa = XCConfigurationList;
			buildConfigurations = (
				B35ACCA11D58F443007D3FD7 /* Debug */,
				B35ACCA21D58F443007D3FD7 /* Release */,
			);
			defaultConfigurationIsVisible = 0;
			defaultConfigurationName = Release;
		};
		B35ACCA31D58F443007D3FD7 /* Build configuration list for PBXNativeTarget "Habitmon" */ = {
			isa = XCConfigurationList;
			buildConfigurations = (
				B35ACCA41D58F443007D3FD7 /* Debug */,
				B35ACCA51D58F443007D3FD7 /* Release */,
			);
			defaultConfigurationIsVisible = 0;
			defaultConfigurationName = Release;
		};
		B35ACCA61D58F443007D3FD7 /* Build configuration list for PBXNativeTarget "HabitmonTests" */ = {
			isa = XCConfigurationList;
			buildConfigurations = (
				B35ACCA71D58F443007D3FD7 /* Debug */,
				B35ACCA81D58F443007D3FD7 /* Release */,
			);
			defaultConfigurationIsVisible = 0;
			defaultConfigurationName = Release;
		};
/* End XCConfigurationList section */
	};
	rootObject = B35ACC7C1D58F442007D3FD7 /* Project object */;
}
